
Microsoft Visual Studio Solution File, Format Version 12.00
# Visual Studio 14
VisualStudioVersion = 14.0.25420.1
MinimumVisualStudioVersion = 10.0.40219.1
Project("{BBD0F5D1-1CC4-42FD-BA4C-A96779C64378}") = "library", "PRJVS\library\library.synproj", "{3ABDC463-1713-445B-87C9-7A1786931BE2}"
EndProject
Project("{BBD0F5D1-1CC4-42FD-BA4C-A96779C64378}") = "replicator", "PRJVS\replicator\replicator.synproj", "{E6523F1C-7F09-4D5B-AD35-5351D9AE4D44}"
EndProject
Project("{BBD0F5D1-1CC4-42FD-BA4C-A96779C64378}") = "application", "PRJVS\application\application.synproj", "{9032712C-3571-4352-97E9-8BE45CE354F0}"
EndProject
Global
	GlobalSection(SolutionConfigurationPlatforms) = preSolution
		Debug|x64 = Debug|x64
		Debug|x86 = Debug|x86
		Release|x64 = Release|x64
		Release|x86 = Release|x86
	EndGlobalSection
	GlobalSection(ProjectConfigurationPlatforms) = postSolution
		{3ABDC463-1713-445B-87C9-7A1786931BE2}.Debug|x64.ActiveCfg = Debug|x64
		{3ABDC463-1713-445B-87C9-7A1786931BE2}.Debug|x64.Build.0 = Debug|x64
		{3ABDC463-1713-445B-87C9-7A1786931BE2}.Debug|x86.ActiveCfg = Debug|x86
		{3ABDC463-1713-445B-87C9-7A1786931BE2}.Debug|x86.Build.0 = Debug|x86
		{3ABDC463-1713-445B-87C9-7A1786931BE2}.Release|x64.ActiveCfg = Release|x64
		{3ABDC463-1713-445B-87C9-7A1786931BE2}.Release|x64.Build.0 = Release|x64
		{3ABDC463-1713-445B-87C9-7A1786931BE2}.Release|x86.ActiveCfg = Release|x86
		{3ABDC463-1713-445B-87C9-7A1786931BE2}.Release|x86.Build.0 = Release|x86
		{E6523F1C-7F09-4D5B-AD35-5351D9AE4D44}.Debug|x64.ActiveCfg = Debug|x64
		{E6523F1C-7F09-4D5B-AD35-5351D9AE4D44}.Debug|x64.Build.0 = Debug|x64
		{E6523F1C-7F09-4D5B-AD35-5351D9AE4D44}.Debug|x86.ActiveCfg = Debug|x86
		{E6523F1C-7F09-4D5B-AD35-5351D9AE4D44}.Debug|x86.Build.0 = Debug|x86
		{E6523F1C-7F09-4D5B-AD35-5351D9AE4D44}.Release|x64.ActiveCfg = Release|x64
		{E6523F1C-7F09-4D5B-AD35-5351D9AE4D44}.Release|x64.Build.0 = Release|x64
		{E6523F1C-7F09-4D5B-AD35-5351D9AE4D44}.Release|x86.ActiveCfg = Release|x86
		{E6523F1C-7F09-4D5B-AD35-5351D9AE4D44}.Release|x86.Build.0 = Release|x86
		{9032712C-3571-4352-97E9-8BE45CE354F0}.Debug|x64.ActiveCfg = Debug|x64
		{9032712C-3571-4352-97E9-8BE45CE354F0}.Debug|x64.Build.0 = Debug|x64
		{9032712C-3571-4352-97E9-8BE45CE354F0}.Debug|x86.ActiveCfg = Debug|x86
		{9032712C-3571-4352-97E9-8BE45CE354F0}.Debug|x86.Build.0 = Debug|x86
		{9032712C-3571-4352-97E9-8BE45CE354F0}.Release|x64.ActiveCfg = Release|x64
		{9032712C-3571-4352-97E9-8BE45CE354F0}.Release|x64.Build.0 = Release|x64
		{9032712C-3571-4352-97E9-8BE45CE354F0}.Release|x86.ActiveCfg = Release|x86
		{9032712C-3571-4352-97E9-8BE45CE354F0}.Release|x86.Build.0 = Release|x86
	EndGlobalSection
	GlobalSection(SolutionProperties) = preSolution
		HideSolutionNode = FALSE
	EndGlobalSection
EndGlobal
