
Microsoft Visual Studio Solution File, Format Version 12.00
# Visual Studio Version 17
VisualStudioVersion = 17.2.32630.192
MinimumVisualStudioVersion = 10.0.40219.1
Project("{BBD0F5D1-1CC4-42FD-BA4C-A96779C64378}") = "library", "PRJVS\library\library.synproj", "{3ABDC463-1713-445B-87C9-7A1786931BE2}"
EndProject
Project("{BBD0F5D1-1CC4-42FD-BA4C-A96779C64378}") = "replicator", "PRJVS\replicator\replicator.synproj", "{E6523F1C-7F09-4D5B-AD35-5351D9AE4D44}"
EndProject
Project("{BBD0F5D1-1CC4-42FD-BA4C-A96779C64378}") = "repository", "PRJVS\repository\repository.synproj", "{16FF74C0-7FEA-4D0E-92A8-74300D18CD66}"
EndProject
Project("{2150E333-8FDC-42A3-9474-1A3956D46DE8}") = "Templates", "Templates", "{B28D0BFD-E6F5-4A1E-95B2-B8BBA9036688}"
	ProjectSection(SolutionItems) = preProject
		SRC\TEMPLATES\ExcludeKeyTest.json = SRC\TEMPLATES\ExcludeKeyTest.json
		SRC\TEMPLATES\FileDataReport.tpl = SRC\TEMPLATES\FileDataReport.tpl
		SRC\TEMPLATES\GetReplicatedTables.tpl = SRC\TEMPLATES\GetReplicatedTables.tpl
		SRC\TEMPLATES\SqlIO.tpl = SRC\TEMPLATES\SqlIO.tpl
	EndProjectSection
EndProject
Project("{2150E333-8FDC-42A3-9474-1A3956D46DE8}") = "Solution Items", "Solution Items", "{CD5A07D5-E55A-43A3-BAF3-E89A6E0E29C3}"
	ProjectSection(SolutionItems) = preProject
		.gitignore = .gitignore
		azure-pipelines.yml = azure-pipelines.yml
		ConfigureDatabase.sql = ConfigureDatabase.sql
		LICENSE.md = LICENSE.md
		README.md = README.md
		regen.bat = regen.bat
		RegisterFileService.bat = RegisterFileService.bat
		RegisterReplicatorService.bat = RegisterReplicatorService.bat
		RpsExport.bat = RpsExport.bat
		RpsImport.bat = RpsImport.bat
		SendToLinux.bat = SendToLinux.bat
		SendToVMS.bat = SendToVMS.bat
		SendToVMS.Settings.bat = SendToVMS.Settings.bat
		setup.bat = setup.bat
		SignFile.bat = SignFile.bat
		UnregisterFileService.bat = UnregisterFileService.bat
		UnregisterReplicatorService.bat = UnregisterReplicatorService.bat
	EndProjectSection
EndProject
Project("{2150E333-8FDC-42A3-9474-1A3956D46DE8}") = "VMS", "VMS", "{D858AA93-37A9-4551-A62F-5F1AE2DDE2A8}"
	ProjectSection(SolutionItems) = preProject
		VMS\BUILD.COM = VMS\BUILD.COM
		VMS\DEPARTMENT.FDL = VMS\DEPARTMENT.FDL
		VMS\EMPLOYEE.FDL = VMS\EMPLOYEE.FDL
		VMS\MAKESHARE.DBL = VMS\MAKESHARE.DBL
		VMS\REPLICATION.FDL = VMS\REPLICATION.FDL
		VMS\REPLICATOR.OPT = VMS\REPLICATOR.OPT
		VMS\REPLICATOR_DETACH.COM = VMS\REPLICATOR_DETACH.COM
		VMS\REPLICATOR_RUN.COM = VMS\REPLICATOR_RUN.COM
		VMS\REPLICATOR_SETUP_EXAMPLE.COM = VMS\REPLICATOR_SETUP_EXAMPLE.COM
		VMS\SETUP.COM = VMS\SETUP.COM
	EndProjectSection
EndProject
Project("{2150E333-8FDC-42A3-9474-1A3956D46DE8}") = "LINUX", "LINUX", "{8D5C12A2-DA99-49AF-A21C-35ADD94E780B}"
	ProjectSection(SolutionItems) = preProject
		LINUX\build = LINUX\build
		LINUX\replicator_count = LINUX\replicator_count
		LINUX\replicator_debug = LINUX\replicator_debug
		LINUX\replicator_detach = LINUX\replicator_detach
		LINUX\replicator_menu = LINUX\replicator_menu
		LINUX\replicator_run = LINUX\replicator_run
		LINUX\replicator_setup = LINUX\replicator_setup
		LINUX\replicator_status = LINUX\replicator_status
		LINUX\replicator_stop = LINUX\replicator_stop
		LINUX\setup = LINUX\setup
	EndProjectSection
EndProject
Project("{BBD0F5D1-1CC4-42FD-BA4C-A96779C64378}") = "FileService", "FileService\FileService.synproj", "{7B8D1663-83A3-4A51-BA29-57C531854EA7}"
EndProject
Project("{930C7802-8A8C-48F9-8165-68863BCCD9DD}") = "FileServiceSetup", "FileServiceSetup\FileServiceSetup.wixproj", "{8D11BDFD-BFD7-473F-9199-D34D2CDA2D94}"
EndProject
Project("{2150E333-8FDC-42A3-9474-1A3956D46DE8}") = "File Definitions", "File Definitions", "{085E387B-6DDD-4056-AC7E-78B01B414ED7}"
	ProjectSection(SolutionItems) = preProject
		XDL\DEPARTMENT.XDL = XDL\DEPARTMENT.XDL
		XDL\EMPLOYEE.XDL = XDL\EMPLOYEE.XDL
		XDL\REPLICATION.XDL = XDL\REPLICATION.XDL
	EndProjectSection
EndProject
Project("{BBD0F5D1-1CC4-42FD-BA4C-A96779C64378}") = "tools", "PRJVS\tools\tools.synproj", "{123F18A8-DB24-4ED3-91BF-ED7917BEF4C1}"
EndProject
Project("{BBD0F5D1-1CC4-42FD-BA4C-A96779C64378}") = "NetReplicator", "PRJVS\NetReplicator\NetReplicator.synproj", "{36F63F9A-2E5A-4542-AC06-A8EAE8732507}"
EndProject
Project("{BBD0F5D1-1CC4-42FD-BA4C-A96779C64378}") = "NetReplicationLibrary", "PRJVS\NetReplicationLibrary\NetReplicationLibrary.synproj", "{D62894B0-E298-40F2-A110-04B008E0FEBB}"
EndProject
Global
	GlobalSection(SolutionConfigurationPlatforms) = preSolution
		Debug|Any CPU = Debug|Any CPU
		Debug|x64 = Debug|x64
		Debug|x86 = Debug|x86
		Deploy|Any CPU = Deploy|Any CPU
		Deploy|x64 = Deploy|x64
		Deploy|x86 = Deploy|x86
		Release|Any CPU = Release|Any CPU
		Release|x64 = Release|x64
		Release|x86 = Release|x86
	EndGlobalSection
	GlobalSection(ProjectConfigurationPlatforms) = postSolution
		{3ABDC463-1713-445B-87C9-7A1786931BE2}.Debug|Any CPU.ActiveCfg = Debug|x86
		{3ABDC463-1713-445B-87C9-7A1786931BE2}.Debug|Any CPU.Build.0 = Debug|x86
		{3ABDC463-1713-445B-87C9-7A1786931BE2}.Debug|x64.ActiveCfg = Debug|x64
		{3ABDC463-1713-445B-87C9-7A1786931BE2}.Debug|x64.Build.0 = Debug|x64
		{3ABDC463-1713-445B-87C9-7A1786931BE2}.Debug|x86.ActiveCfg = Debug|x86
		{3ABDC463-1713-445B-87C9-7A1786931BE2}.Debug|x86.Build.0 = Debug|x86
		{3ABDC463-1713-445B-87C9-7A1786931BE2}.Deploy|Any CPU.ActiveCfg = Deploy|x64
		{3ABDC463-1713-445B-87C9-7A1786931BE2}.Deploy|x64.ActiveCfg = Deploy|x64
		{3ABDC463-1713-445B-87C9-7A1786931BE2}.Deploy|x64.Build.0 = Deploy|x64
		{3ABDC463-1713-445B-87C9-7A1786931BE2}.Deploy|x86.ActiveCfg = Deploy|x86
		{3ABDC463-1713-445B-87C9-7A1786931BE2}.Deploy|x86.Build.0 = Deploy|x86
		{3ABDC463-1713-445B-87C9-7A1786931BE2}.Release|Any CPU.ActiveCfg = Release|x86
		{3ABDC463-1713-445B-87C9-7A1786931BE2}.Release|Any CPU.Build.0 = Release|x86
		{3ABDC463-1713-445B-87C9-7A1786931BE2}.Release|x64.ActiveCfg = Release|x64
		{3ABDC463-1713-445B-87C9-7A1786931BE2}.Release|x64.Build.0 = Release|x64
		{3ABDC463-1713-445B-87C9-7A1786931BE2}.Release|x86.ActiveCfg = Release|x86
		{3ABDC463-1713-445B-87C9-7A1786931BE2}.Release|x86.Build.0 = Release|x86
		{E6523F1C-7F09-4D5B-AD35-5351D9AE4D44}.Debug|Any CPU.ActiveCfg = Debug|x86
		{E6523F1C-7F09-4D5B-AD35-5351D9AE4D44}.Debug|Any CPU.Build.0 = Debug|x86
		{E6523F1C-7F09-4D5B-AD35-5351D9AE4D44}.Debug|x64.ActiveCfg = Debug|x64
		{E6523F1C-7F09-4D5B-AD35-5351D9AE4D44}.Debug|x64.Build.0 = Debug|x64
		{E6523F1C-7F09-4D5B-AD35-5351D9AE4D44}.Debug|x86.ActiveCfg = Debug|x86
		{E6523F1C-7F09-4D5B-AD35-5351D9AE4D44}.Debug|x86.Build.0 = Debug|x86
		{E6523F1C-7F09-4D5B-AD35-5351D9AE4D44}.Deploy|Any CPU.ActiveCfg = Deploy|x64
		{E6523F1C-7F09-4D5B-AD35-5351D9AE4D44}.Deploy|x64.ActiveCfg = Deploy|x64
		{E6523F1C-7F09-4D5B-AD35-5351D9AE4D44}.Deploy|x64.Build.0 = Deploy|x64
		{E6523F1C-7F09-4D5B-AD35-5351D9AE4D44}.Deploy|x86.ActiveCfg = Deploy|x86
		{E6523F1C-7F09-4D5B-AD35-5351D9AE4D44}.Deploy|x86.Build.0 = Deploy|x86
		{E6523F1C-7F09-4D5B-AD35-5351D9AE4D44}.Release|Any CPU.ActiveCfg = Release|x86
		{E6523F1C-7F09-4D5B-AD35-5351D9AE4D44}.Release|Any CPU.Build.0 = Release|x86
		{E6523F1C-7F09-4D5B-AD35-5351D9AE4D44}.Release|x64.ActiveCfg = Release|x64
		{E6523F1C-7F09-4D5B-AD35-5351D9AE4D44}.Release|x64.Build.0 = Release|x64
		{E6523F1C-7F09-4D5B-AD35-5351D9AE4D44}.Release|x86.ActiveCfg = Release|x86
		{E6523F1C-7F09-4D5B-AD35-5351D9AE4D44}.Release|x86.Build.0 = Release|x86
		{16FF74C0-7FEA-4D0E-92A8-74300D18CD66}.Debug|Any CPU.ActiveCfg = Debug|Any CPU
		{16FF74C0-7FEA-4D0E-92A8-74300D18CD66}.Debug|Any CPU.Build.0 = Debug|Any CPU
		{16FF74C0-7FEA-4D0E-92A8-74300D18CD66}.Debug|x64.ActiveCfg = Debug|Any CPU
		{16FF74C0-7FEA-4D0E-92A8-74300D18CD66}.Debug|x64.Build.0 = Debug|Any CPU
		{16FF74C0-7FEA-4D0E-92A8-74300D18CD66}.Debug|x86.ActiveCfg = Debug|Any CPU
		{16FF74C0-7FEA-4D0E-92A8-74300D18CD66}.Debug|x86.Build.0 = Debug|Any CPU
		{16FF74C0-7FEA-4D0E-92A8-74300D18CD66}.Deploy|Any CPU.ActiveCfg = Deploy|Any CPU
		{16FF74C0-7FEA-4D0E-92A8-74300D18CD66}.Deploy|x64.ActiveCfg = Deploy|Any CPU
		{16FF74C0-7FEA-4D0E-92A8-74300D18CD66}.Deploy|x64.Build.0 = Deploy|Any CPU
		{16FF74C0-7FEA-4D0E-92A8-74300D18CD66}.Deploy|x86.ActiveCfg = Deploy|Any CPU
		{16FF74C0-7FEA-4D0E-92A8-74300D18CD66}.Deploy|x86.Build.0 = Deploy|Any CPU
		{16FF74C0-7FEA-4D0E-92A8-74300D18CD66}.Release|Any CPU.ActiveCfg = Release|Any CPU
		{16FF74C0-7FEA-4D0E-92A8-74300D18CD66}.Release|Any CPU.Build.0 = Release|Any CPU
		{16FF74C0-7FEA-4D0E-92A8-74300D18CD66}.Release|x64.ActiveCfg = Release|Any CPU
		{16FF74C0-7FEA-4D0E-92A8-74300D18CD66}.Release|x64.Build.0 = Release|Any CPU
		{16FF74C0-7FEA-4D0E-92A8-74300D18CD66}.Release|x86.ActiveCfg = Release|Any CPU
		{16FF74C0-7FEA-4D0E-92A8-74300D18CD66}.Release|x86.Build.0 = Release|Any CPU
		{7B8D1663-83A3-4A51-BA29-57C531854EA7}.Debug|Any CPU.ActiveCfg = Debug|Any CPU
		{7B8D1663-83A3-4A51-BA29-57C531854EA7}.Debug|Any CPU.Build.0 = Debug|Any CPU
		{7B8D1663-83A3-4A51-BA29-57C531854EA7}.Debug|x64.ActiveCfg = Debug|Any CPU
		{7B8D1663-83A3-4A51-BA29-57C531854EA7}.Debug|x86.ActiveCfg = Debug|Any CPU
		{7B8D1663-83A3-4A51-BA29-57C531854EA7}.Deploy|Any CPU.ActiveCfg = Deploy|Any CPU
		{7B8D1663-83A3-4A51-BA29-57C531854EA7}.Deploy|Any CPU.Build.0 = Deploy|Any CPU
		{7B8D1663-83A3-4A51-BA29-57C531854EA7}.Deploy|x64.ActiveCfg = Deploy|Any CPU
		{7B8D1663-83A3-4A51-BA29-57C531854EA7}.Deploy|x64.Build.0 = Deploy|Any CPU
		{7B8D1663-83A3-4A51-BA29-57C531854EA7}.Deploy|x86.ActiveCfg = Deploy|Any CPU
		{7B8D1663-83A3-4A51-BA29-57C531854EA7}.Deploy|x86.Build.0 = Deploy|Any CPU
		{7B8D1663-83A3-4A51-BA29-57C531854EA7}.Release|Any CPU.ActiveCfg = Release|Any CPU
		{7B8D1663-83A3-4A51-BA29-57C531854EA7}.Release|Any CPU.Build.0 = Release|Any CPU
		{7B8D1663-83A3-4A51-BA29-57C531854EA7}.Release|x64.ActiveCfg = Release|Any CPU
		{7B8D1663-83A3-4A51-BA29-57C531854EA7}.Release|x64.Build.0 = Release|Any CPU
		{7B8D1663-83A3-4A51-BA29-57C531854EA7}.Release|x86.ActiveCfg = Release|Any CPU
		{7B8D1663-83A3-4A51-BA29-57C531854EA7}.Release|x86.Build.0 = Release|Any CPU
		{8D11BDFD-BFD7-473F-9199-D34D2CDA2D94}.Debug|Any CPU.ActiveCfg = Debug|x86
		{8D11BDFD-BFD7-473F-9199-D34D2CDA2D94}.Debug|x64.ActiveCfg = Debug|x86
		{8D11BDFD-BFD7-473F-9199-D34D2CDA2D94}.Debug|x86.ActiveCfg = Debug|x86
		{8D11BDFD-BFD7-473F-9199-D34D2CDA2D94}.Deploy|Any CPU.ActiveCfg = Debug|x86
		{8D11BDFD-BFD7-473F-9199-D34D2CDA2D94}.Deploy|Any CPU.Build.0 = Debug|x86
		{8D11BDFD-BFD7-473F-9199-D34D2CDA2D94}.Deploy|x64.ActiveCfg = Debug|x86
		{8D11BDFD-BFD7-473F-9199-D34D2CDA2D94}.Deploy|x64.Build.0 = Debug|x86
		{8D11BDFD-BFD7-473F-9199-D34D2CDA2D94}.Deploy|x86.ActiveCfg = Debug|x86
		{8D11BDFD-BFD7-473F-9199-D34D2CDA2D94}.Deploy|x86.Build.0 = Debug|x86
		{8D11BDFD-BFD7-473F-9199-D34D2CDA2D94}.Release|Any CPU.ActiveCfg = Release|x86
		{8D11BDFD-BFD7-473F-9199-D34D2CDA2D94}.Release|x64.ActiveCfg = Release|x86
		{8D11BDFD-BFD7-473F-9199-D34D2CDA2D94}.Release|x86.ActiveCfg = Release|x86
		{8D11BDFD-BFD7-473F-9199-D34D2CDA2D94}.Release|x86.Build.0 = Release|x86
		{123F18A8-DB24-4ED3-91BF-ED7917BEF4C1}.Debug|Any CPU.ActiveCfg = Debug|x86
		{123F18A8-DB24-4ED3-91BF-ED7917BEF4C1}.Debug|Any CPU.Build.0 = Debug|x86
		{123F18A8-DB24-4ED3-91BF-ED7917BEF4C1}.Debug|x64.ActiveCfg = Debug|x64
		{123F18A8-DB24-4ED3-91BF-ED7917BEF4C1}.Debug|x64.Build.0 = Debug|x64
		{123F18A8-DB24-4ED3-91BF-ED7917BEF4C1}.Debug|x86.ActiveCfg = Debug|x86
		{123F18A8-DB24-4ED3-91BF-ED7917BEF4C1}.Debug|x86.Build.0 = Debug|x86
		{123F18A8-DB24-4ED3-91BF-ED7917BEF4C1}.Deploy|Any CPU.ActiveCfg = Deploy|x64
		{123F18A8-DB24-4ED3-91BF-ED7917BEF4C1}.Deploy|x64.ActiveCfg = Deploy|x64
		{123F18A8-DB24-4ED3-91BF-ED7917BEF4C1}.Deploy|x86.ActiveCfg = Deploy|x86
		{123F18A8-DB24-4ED3-91BF-ED7917BEF4C1}.Release|Any CPU.ActiveCfg = Release|x86
		{123F18A8-DB24-4ED3-91BF-ED7917BEF4C1}.Release|Any CPU.Build.0 = Release|x86
		{123F18A8-DB24-4ED3-91BF-ED7917BEF4C1}.Release|x64.ActiveCfg = Release|x64
		{123F18A8-DB24-4ED3-91BF-ED7917BEF4C1}.Release|x64.Build.0 = Release|x64
		{123F18A8-DB24-4ED3-91BF-ED7917BEF4C1}.Release|x86.ActiveCfg = Release|x86
		{123F18A8-DB24-4ED3-91BF-ED7917BEF4C1}.Release|x86.Build.0 = Release|x86
		{36F63F9A-2E5A-4542-AC06-A8EAE8732507}.Debug|Any CPU.ActiveCfg = Debug|Any CPU
		{36F63F9A-2E5A-4542-AC06-A8EAE8732507}.Debug|Any CPU.Build.0 = Debug|Any CPU
		{36F63F9A-2E5A-4542-AC06-A8EAE8732507}.Debug|x64.ActiveCfg = Debug|Any CPU
		{36F63F9A-2E5A-4542-AC06-A8EAE8732507}.Debug|x64.Build.0 = Debug|Any CPU
		{36F63F9A-2E5A-4542-AC06-A8EAE8732507}.Debug|x86.ActiveCfg = Debug|x86
		{36F63F9A-2E5A-4542-AC06-A8EAE8732507}.Debug|x86.Build.0 = Debug|x86
		{36F63F9A-2E5A-4542-AC06-A8EAE8732507}.Deploy|Any CPU.ActiveCfg = Debug|Any CPU
		{36F63F9A-2E5A-4542-AC06-A8EAE8732507}.Deploy|Any CPU.Build.0 = Debug|Any CPU
		{36F63F9A-2E5A-4542-AC06-A8EAE8732507}.Deploy|x64.ActiveCfg = Debug|Any CPU
		{36F63F9A-2E5A-4542-AC06-A8EAE8732507}.Deploy|x64.Build.0 = Debug|Any CPU
		{36F63F9A-2E5A-4542-AC06-A8EAE8732507}.Deploy|x86.ActiveCfg = Debug|x86
		{36F63F9A-2E5A-4542-AC06-A8EAE8732507}.Deploy|x86.Build.0 = Debug|x86
		{36F63F9A-2E5A-4542-AC06-A8EAE8732507}.Release|Any CPU.ActiveCfg = Release|Any CPU
		{36F63F9A-2E5A-4542-AC06-A8EAE8732507}.Release|Any CPU.Build.0 = Release|Any CPU
		{36F63F9A-2E5A-4542-AC06-A8EAE8732507}.Release|x64.ActiveCfg = Release|Any CPU
		{36F63F9A-2E5A-4542-AC06-A8EAE8732507}.Release|x64.Build.0 = Release|Any CPU
		{36F63F9A-2E5A-4542-AC06-A8EAE8732507}.Release|x86.ActiveCfg = Release|x86
		{36F63F9A-2E5A-4542-AC06-A8EAE8732507}.Release|x86.Build.0 = Release|x86
		{D62894B0-E298-40F2-A110-04B008E0FEBB}.Debug|Any CPU.ActiveCfg = Debug|Any CPU
		{D62894B0-E298-40F2-A110-04B008E0FEBB}.Debug|Any CPU.Build.0 = Debug|Any CPU
		{D62894B0-E298-40F2-A110-04B008E0FEBB}.Debug|x64.ActiveCfg = Debug|Any CPU
		{D62894B0-E298-40F2-A110-04B008E0FEBB}.Debug|x64.Build.0 = Debug|Any CPU
		{D62894B0-E298-40F2-A110-04B008E0FEBB}.Debug|x86.ActiveCfg = Debug|x86
		{D62894B0-E298-40F2-A110-04B008E0FEBB}.Debug|x86.Build.0 = Debug|x86
		{D62894B0-E298-40F2-A110-04B008E0FEBB}.Deploy|Any CPU.ActiveCfg = Debug|Any CPU
		{D62894B0-E298-40F2-A110-04B008E0FEBB}.Deploy|Any CPU.Build.0 = Debug|Any CPU
		{D62894B0-E298-40F2-A110-04B008E0FEBB}.Deploy|x64.ActiveCfg = Debug|Any CPU
		{D62894B0-E298-40F2-A110-04B008E0FEBB}.Deploy|x64.Build.0 = Debug|Any CPU
		{D62894B0-E298-40F2-A110-04B008E0FEBB}.Deploy|x86.ActiveCfg = Debug|x86
		{D62894B0-E298-40F2-A110-04B008E0FEBB}.Deploy|x86.Build.0 = Debug|x86
		{D62894B0-E298-40F2-A110-04B008E0FEBB}.Release|Any CPU.ActiveCfg = Release|Any CPU
		{D62894B0-E298-40F2-A110-04B008E0FEBB}.Release|Any CPU.Build.0 = Release|Any CPU
		{D62894B0-E298-40F2-A110-04B008E0FEBB}.Release|x64.ActiveCfg = Release|Any CPU
		{D62894B0-E298-40F2-A110-04B008E0FEBB}.Release|x64.Build.0 = Release|Any CPU
		{D62894B0-E298-40F2-A110-04B008E0FEBB}.Release|x86.ActiveCfg = Release|x86
		{D62894B0-E298-40F2-A110-04B008E0FEBB}.Release|x86.Build.0 = Release|x86
	EndGlobalSection
	GlobalSection(SolutionProperties) = preSolution
		HideSolutionNode = FALSE
	EndGlobalSection
	GlobalSection(ExtensibilityGlobals) = postSolution
		SolutionGuid = {09DE7623-A783-489C-842F-C7D857603C5F}
	EndGlobalSection
EndGlobal
